
Microsoft Visual Studio Solution File, Format Version 12.00
# Visual Studio Version 17
VisualStudioVersion = 17.11.35327.3
MinimumVisualStudioVersion = 10.0.40219.1
Project("{9A19103F-16F7-4668-BE54-9A1E7A4F7556}") = "BambuConfigGenerator", "BambuConfigGenerator\BambuConfigGenerator.csproj", "{6F5B25ED-89DB-42C3-843C-50246C9755E2}"
EndProject
Project("{FAE04EC0-301F-11D3-BF4B-00C04F79EFBC}") = "BambuConfigGenerator.Core", "BambuConfigGenerator.Core\BambuConfigGenerator.Core.csproj", "{15CE1092-5899-4FA8-956B-B46C002853F9}"
EndProject
Project("{FAE04EC0-301F-11D3-BF4B-00C04F79EFBC}") = "BambuConfigGenerator.ExcelToJsonGenerator", "BambuConfigGenerator.ExcelToJsonGenerator\BambuConfigGenerator.ExcelToJsonGenerator.csproj", "{882D5FCC-3DEA-465C-B15E-D309AC98FD5E}"
EndProject
Project("{FAE04EC0-301F-11D3-BF4B-00C04F79EFBC}") = "BambuConfigGenerator.Contracts", "BambuConfigGenerator.Contracts\BambuConfigGenerator.Contracts.csproj", "{959E598C-3DCB-4A1D-AA2D-FB6C9988B8A5}"
EndProject
Global
	GlobalSection(SolutionConfigurationPlatforms) = preSolution
		Debug|Any CPU = Debug|Any CPU
		Release|Any CPU = Release|Any CPU
	EndGlobalSection
	GlobalSection(ProjectConfigurationPlatforms) = postSolution
		{6F5B25ED-89DB-42C3-843C-50246C9755E2}.Debug|Any CPU.ActiveCfg = Debug|Any CPU
		{6F5B25ED-89DB-42C3-843C-50246C9755E2}.Debug|Any CPU.Build.0 = Debug|Any CPU
		{6F5B25ED-89DB-42C3-843C-50246C9755E2}.Release|Any CPU.ActiveCfg = Release|Any CPU
		{6F5B25ED-89DB-42C3-843C-50246C9755E2}.Release|Any CPU.Build.0 = Release|Any CPU
		{15CE1092-5899-4FA8-956B-B46C002853F9}.Debug|Any CPU.ActiveCfg = Debug|Any CPU
		{15CE1092-5899-4FA8-956B-B46C002853F9}.Debug|Any CPU.Build.0 = Debug|Any CPU
		{15CE1092-5899-4FA8-956B-B46C002853F9}.Release|Any CPU.ActiveCfg = Release|Any CPU
		{15CE1092-5899-4FA8-956B-B46C002853F9}.Release|Any CPU.Build.0 = Release|Any CPU
		{882D5FCC-3DEA-465C-B15E-D309AC98FD5E}.Debug|Any CPU.ActiveCfg = Debug|Any CPU
		{882D5FCC-3DEA-465C-B15E-D309AC98FD5E}.Debug|Any CPU.Build.0 = Debug|Any CPU
		{882D5FCC-3DEA-465C-B15E-D309AC98FD5E}.Release|Any CPU.ActiveCfg = Release|Any CPU
		{882D5FCC-3DEA-465C-B15E-D309AC98FD5E}.Release|Any CPU.Build.0 = Release|Any CPU
		{959E598C-3DCB-4A1D-AA2D-FB6C9988B8A5}.Debug|Any CPU.ActiveCfg = Debug|Any CPU
		{959E598C-3DCB-4A1D-AA2D-FB6C9988B8A5}.Debug|Any CPU.Build.0 = Debug|Any CPU
		{959E598C-3DCB-4A1D-AA2D-FB6C9988B8A5}.Release|Any CPU.ActiveCfg = Release|Any CPU
		{959E598C-3DCB-4A1D-AA2D-FB6C9988B8A5}.Release|Any CPU.Build.0 = Release|Any CPU
	EndGlobalSection
	GlobalSection(SolutionProperties) = preSolution
		HideSolutionNode = FALSE
	EndGlobalSection
	GlobalSection(ExtensibilityGlobals) = postSolution
		SolutionGuid = {D52A89CA-B464-40AE-BFD7-6962301DCD61}
	EndGlobalSection
EndGlobal
